
Microsoft Visual Studio Solution File, Format Version 12.00
# Visual Studio Version 17
VisualStudioVersion = 17.9.34414.90
MinimumVisualStudioVersion = 10.0.40219.1
Project("{2150E333-8FDC-42A3-9474-1A3956D46DE8}") = "FrontEnd", "FrontEnd", "{2DD65CAF-9F97-45F6-92BF-4177F36865D6}"
EndProject
Project("{2150E333-8FDC-42A3-9474-1A3956D46DE8}") = "Gateway", "Gateway", "{4BA8A0EA-98B2-4A04-9E2B-78AEE532DF3F}"
EndProject
Project("{2150E333-8FDC-42A3-9474-1A3956D46DE8}") = "Integration", "Integration", "{865B078E-4A06-4275-B96A-A92B7BB912D9}"
EndProject
Project("{2150E333-8FDC-42A3-9474-1A3956D46DE8}") = "Services", "Services", "{19A7F4F8-B0C8-476C-A385-FE3C867913AF}"
EndProject
Project("{FAE04EC0-301F-11D3-BF4B-00C04F79EFBC}") = "Mango.Web", "Mango.Web\Mango.Web.csproj", "{35A6E159-8457-4A16-91B1-CB7F2C0B7B54}"
EndProject
Project("{FAE04EC0-301F-11D3-BF4B-00C04F79EFBC}") = "Mango.GatewaySolution", "Mango.GatewaySolution\Mango.GatewaySolution.csproj", "{F527C383-2E4D-42E7-8CCD-4EC470B40F6B}"
EndProject
Project("{FAE04EC0-301F-11D3-BF4B-00C04F79EFBC}") = "Mango.MessageBus", "Mango.MessageBus\Mango.MessageBus.csproj", "{EE06DC2B-F16F-492F-B5E5-583F280D13F3}"
EndProject
Project("{FAE04EC0-301F-11D3-BF4B-00C04F79EFBC}") = "Mango.Services.AuthAPI", "Mango.Services.AuthAPI\Mango.Services.AuthAPI.csproj", "{A5F6D15F-2FA3-45B7-B130-93FB70649371}"
EndProject
Project("{FAE04EC0-301F-11D3-BF4B-00C04F79EFBC}") = "Mango.Services.CouponAPI", "Mango.Services.CouponAPI\Mango.Services.CouponAPI.csproj", "{0062C9A3-98EE-44CC-A09E-D05F79FB9D8F}"
EndProject
Project("{FAE04EC0-301F-11D3-BF4B-00C04F79EFBC}") = "Mango.Services.EmailAPI", "Mango.Services.EmailAPI\Mango.Services.EmailAPI.csproj", "{9E415AFF-F8F9-405F-8ABF-7F3E85071AC7}"
EndProject
Project("{FAE04EC0-301F-11D3-BF4B-00C04F79EFBC}") = "Mango.Services.OrderAPI", "Mango.Services.OrderAPI\Mango.Services.OrderAPI.csproj", "{66F40A2A-6E4F-4C9F-8756-8C644C1D7CD3}"
EndProject
Project("{FAE04EC0-301F-11D3-BF4B-00C04F79EFBC}") = "Mango.Services.ProductAPI", "Mango.Services.ProductAPI\Mango.Services.ProductAPI.csproj", "{62B7AFA7-E4D2-4CF1-B8E7-7C605630DD60}"
EndProject
Project("{FAE04EC0-301F-11D3-BF4B-00C04F79EFBC}") = "Mango.Services.RewardAPI", "Mango.Services.RewardAPI\Mango.Services.RewardAPI.csproj", "{CDF9FCA2-C064-4C05-AAB8-EE68ECEB3807}"
EndProject
Project("{FAE04EC0-301F-11D3-BF4B-00C04F79EFBC}") = "Mango.Services.ShoppingCartAPI", "Mango.Services.ShoppingCartAPI\Mango.Services.ShoppingCartAPI.csproj", "{D9F72BFA-C360-4D6D-BDD7-FAE90389AB9E}"
EndProject
Global
	GlobalSection(SolutionConfigurationPlatforms) = preSolution
		Debug|Any CPU = Debug|Any CPU
		Release|Any CPU = Release|Any CPU
	EndGlobalSection
	GlobalSection(ProjectConfigurationPlatforms) = postSolution
		{35A6E159-8457-4A16-91B1-CB7F2C0B7B54}.Debug|Any CPU.ActiveCfg = Debug|Any CPU
		{35A6E159-8457-4A16-91B1-CB7F2C0B7B54}.Debug|Any CPU.Build.0 = Debug|Any CPU
		{35A6E159-8457-4A16-91B1-CB7F2C0B7B54}.Release|Any CPU.ActiveCfg = Release|Any CPU
		{35A6E159-8457-4A16-91B1-CB7F2C0B7B54}.Release|Any CPU.Build.0 = Release|Any CPU
		{F527C383-2E4D-42E7-8CCD-4EC470B40F6B}.Debug|Any CPU.ActiveCfg = Debug|Any CPU
		{F527C383-2E4D-42E7-8CCD-4EC470B40F6B}.Debug|Any CPU.Build.0 = Debug|Any CPU
		{F527C383-2E4D-42E7-8CCD-4EC470B40F6B}.Release|Any CPU.ActiveCfg = Release|Any CPU
		{F527C383-2E4D-42E7-8CCD-4EC470B40F6B}.Release|Any CPU.Build.0 = Release|Any CPU
		{EE06DC2B-F16F-492F-B5E5-583F280D13F3}.Debug|Any CPU.ActiveCfg = Debug|Any CPU
		{EE06DC2B-F16F-492F-B5E5-583F280D13F3}.Debug|Any CPU.Build.0 = Debug|Any CPU
		{EE06DC2B-F16F-492F-B5E5-583F280D13F3}.Release|Any CPU.ActiveCfg = Release|Any CPU
		{EE06DC2B-F16F-492F-B5E5-583F280D13F3}.Release|Any CPU.Build.0 = Release|Any CPU
		{A5F6D15F-2FA3-45B7-B130-93FB70649371}.Debug|Any CPU.ActiveCfg = Debug|Any CPU
		{A5F6D15F-2FA3-45B7-B130-93FB70649371}.Debug|Any CPU.Build.0 = Debug|Any CPU
		{A5F6D15F-2FA3-45B7-B130-93FB70649371}.Release|Any CPU.ActiveCfg = Release|Any CPU
		{A5F6D15F-2FA3-45B7-B130-93FB70649371}.Release|Any CPU.Build.0 = Release|Any CPU
		{0062C9A3-98EE-44CC-A09E-D05F79FB9D8F}.Debug|Any CPU.ActiveCfg = Debug|Any CPU
		{0062C9A3-98EE-44CC-A09E-D05F79FB9D8F}.Debug|Any CPU.Build.0 = Debug|Any CPU
		{0062C9A3-98EE-44CC-A09E-D05F79FB9D8F}.Release|Any CPU.ActiveCfg = Release|Any CPU
		{0062C9A3-98EE-44CC-A09E-D05F79FB9D8F}.Release|Any CPU.Build.0 = Release|Any CPU
		{9E415AFF-F8F9-405F-8ABF-7F3E85071AC7}.Debug|Any CPU.ActiveCfg = Debug|Any CPU
		{9E415AFF-F8F9-405F-8ABF-7F3E85071AC7}.Debug|Any CPU.Build.0 = Debug|Any CPU
		{9E415AFF-F8F9-405F-8ABF-7F3E85071AC7}.Release|Any CPU.ActiveCfg = Release|Any CPU
		{9E415AFF-F8F9-405F-8ABF-7F3E85071AC7}.Release|Any CPU.Build.0 = Release|Any CPU
		{66F40A2A-6E4F-4C9F-8756-8C644C1D7CD3}.Debug|Any CPU.ActiveCfg = Debug|Any CPU
		{66F40A2A-6E4F-4C9F-8756-8C644C1D7CD3}.Debug|Any CPU.Build.0 = Debug|Any CPU
		{66F40A2A-6E4F-4C9F-8756-8C644C1D7CD3}.Release|Any CPU.ActiveCfg = Release|Any CPU
		{66F40A2A-6E4F-4C9F-8756-8C644C1D7CD3}.Release|Any CPU.Build.0 = Release|Any CPU
		{62B7AFA7-E4D2-4CF1-B8E7-7C605630DD60}.Debug|Any CPU.ActiveCfg = Debug|Any CPU
		{62B7AFA7-E4D2-4CF1-B8E7-7C605630DD60}.Debug|Any CPU.Build.0 = Debug|Any CPU
		{62B7AFA7-E4D2-4CF1-B8E7-7C605630DD60}.Release|Any CPU.ActiveCfg = Release|Any CPU
		{62B7AFA7-E4D2-4CF1-B8E7-7C605630DD60}.Release|Any CPU.Build.0 = Release|Any CPU
		{CDF9FCA2-C064-4C05-AAB8-EE68ECEB3807}.Debug|Any CPU.ActiveCfg = Debug|Any CPU
		{CDF9FCA2-C064-4C05-AAB8-EE68ECEB3807}.Debug|Any CPU.Build.0 = Debug|Any CPU
		{CDF9FCA2-C064-4C05-AAB8-EE68ECEB3807}.Release|Any CPU.ActiveCfg = Release|Any CPU
		{CDF9FCA2-C064-4C05-AAB8-EE68ECEB3807}.Release|Any CPU.Build.0 = Release|Any CPU
		{D9F72BFA-C360-4D6D-BDD7-FAE90389AB9E}.Debug|Any CPU.ActiveCfg = Debug|Any CPU
		{D9F72BFA-C360-4D6D-BDD7-FAE90389AB9E}.Debug|Any CPU.Build.0 = Debug|Any CPU
		{D9F72BFA-C360-4D6D-BDD7-FAE90389AB9E}.Release|Any CPU.ActiveCfg = Release|Any CPU
		{D9F72BFA-C360-4D6D-BDD7-FAE90389AB9E}.Release|Any CPU.Build.0 = Release|Any CPU
	EndGlobalSection
	GlobalSection(SolutionProperties) = preSolution
		HideSolutionNode = FALSE
	EndGlobalSection
	GlobalSection(NestedProjects) = preSolution
		{35A6E159-8457-4A16-91B1-CB7F2C0B7B54} = {2DD65CAF-9F97-45F6-92BF-4177F36865D6}
		{F527C383-2E4D-42E7-8CCD-4EC470B40F6B} = {4BA8A0EA-98B2-4A04-9E2B-78AEE532DF3F}
		{EE06DC2B-F16F-492F-B5E5-583F280D13F3} = {865B078E-4A06-4275-B96A-A92B7BB912D9}
		{A5F6D15F-2FA3-45B7-B130-93FB70649371} = {19A7F4F8-B0C8-476C-A385-FE3C867913AF}
		{0062C9A3-98EE-44CC-A09E-D05F79FB9D8F} = {19A7F4F8-B0C8-476C-A385-FE3C867913AF}
		{9E415AFF-F8F9-405F-8ABF-7F3E85071AC7} = {19A7F4F8-B0C8-476C-A385-FE3C867913AF}
		{66F40A2A-6E4F-4C9F-8756-8C644C1D7CD3} = {19A7F4F8-B0C8-476C-A385-FE3C867913AF}
		{62B7AFA7-E4D2-4CF1-B8E7-7C605630DD60} = {19A7F4F8-B0C8-476C-A385-FE3C867913AF}
		{CDF9FCA2-C064-4C05-AAB8-EE68ECEB3807} = {19A7F4F8-B0C8-476C-A385-FE3C867913AF}
		{D9F72BFA-C360-4D6D-BDD7-FAE90389AB9E} = {19A7F4F8-B0C8-476C-A385-FE3C867913AF}
	EndGlobalSection
	GlobalSection(ExtensibilityGlobals) = postSolution
		SolutionGuid = {BD34EB94-52F2-4A19-B98A-2742AD7134CE}
	EndGlobalSection
EndGlobal
